
Microsoft Visual Studio Solution File, Format Version 12.00
# Visual Studio Version 16
VisualStudioVersion = 16.0.29709.97
MinimumVisualStudioVersion = 10.0.40219.1
Project("{FAE04EC0-301F-11D3-BF4B-00C04F79EFBC}") = "Rin", "Rin\Rin.csproj", "{C072153C-80A0-42C0-8C87-5BBD7A55C6F5}"
EndProject
Global
	GlobalSection(SolutionConfigurationPlatforms) = preSolution
		Debug|Any CPU = Debug|Any CPU
		Release|Any CPU = Release|Any CPU
	EndGlobalSection
	GlobalSection(ProjectConfigurationPlatforms) = postSolution
		{C072153C-80A0-42C0-8C87-5BBD7A55C6F5}.Debug|Any CPU.ActiveCfg = Debug|Any CPU
		{C072153C-80A0-42C0-8C87-5BBD7A55C6F5}.Debug|Any CPU.Build.0 = Debug|Any CPU
		{C072153C-80A0-42C0-8C87-5BBD7A55C6F5}.Release|Any CPU.ActiveCfg = Release|Any CPU
		{C072153C-80A0-42C0-8C87-5BBD7A55C6F5}.Release|Any CPU.Build.0 = Release|Any CPU
	EndGlobalSection
	GlobalSection(SolutionProperties) = preSolution
		HideSolutionNode = FALSE
	EndGlobalSection
	GlobalSection(ExtensibilityGlobals) = postSolution
		SolutionGuid = {32F90D5F-7C48-4291-A446-EF705798E81F}
	EndGlobalSection
EndGlobal
