
Microsoft Visual Studio Solution File, Format Version 12.00
# Visual Studio Version 16
VisualStudioVersion = 16.0.29709.97
MinimumVisualStudioVersion = 10.0.40219.1
Project("{FAE04EC0-301F-11D3-BF4B-00C04F79EFBC}") = "Rin", "Rin\Rin.csproj", "{529D3232-75D9-4D88-AA1A-AFDF3C37087E}"
EndProject
Global
	GlobalSection(SolutionConfigurationPlatforms) = preSolution
		Debug|Any CPU = Debug|Any CPU
		Release|Any CPU = Release|Any CPU
	EndGlobalSection
	GlobalSection(ProjectConfigurationPlatforms) = postSolution
		{529D3232-75D9-4D88-AA1A-AFDF3C37087E}.Debug|Any CPU.ActiveCfg = Debug|Any CPU
		{529D3232-75D9-4D88-AA1A-AFDF3C37087E}.Debug|Any CPU.Build.0 = Debug|Any CPU
		{529D3232-75D9-4D88-AA1A-AFDF3C37087E}.Release|Any CPU.ActiveCfg = Release|Any CPU
		{529D3232-75D9-4D88-AA1A-AFDF3C37087E}.Release|Any CPU.Build.0 = Release|Any CPU
	EndGlobalSection
	GlobalSection(SolutionProperties) = preSolution
		HideSolutionNode = FALSE
	EndGlobalSection
	GlobalSection(ExtensibilityGlobals) = postSolution
		SolutionGuid = {130C2582-5922-48BC-99D9-4DF0B3CA2EFE}
	EndGlobalSection
EndGlobal
